
Microsoft Visual Studio Solution File, Format Version 12.00
# Visual Studio Version 16
VisualStudioVersion = 16.0.810.19
MinimumVisualStudioVersion = 10.0.40219.1
Project("{FAE04EC0-301F-11D3-BF4B-00C04F79EFBC}") = "MethodOverloadingPractice", "MethodOverloadingPractice\MethodOverloadingPractice.csproj", "{A6D4D14E-DB70-45BB-9310-DDA94ED3CBFB}"
EndProject
Global
	GlobalSection(SolutionConfigurationPlatforms) = preSolution
		Debug|Any CPU = Debug|Any CPU
		Release|Any CPU = Release|Any CPU
	EndGlobalSection
	GlobalSection(ProjectConfigurationPlatforms) = postSolution
		{A6D4D14E-DB70-45BB-9310-DDA94ED3CBFB}.Debug|Any CPU.ActiveCfg = Debug|Any CPU
		{A6D4D14E-DB70-45BB-9310-DDA94ED3CBFB}.Debug|Any CPU.Build.0 = Debug|Any CPU
		{A6D4D14E-DB70-45BB-9310-DDA94ED3CBFB}.Release|Any CPU.ActiveCfg = Release|Any CPU
		{A6D4D14E-DB70-45BB-9310-DDA94ED3CBFB}.Release|Any CPU.Build.0 = Release|Any CPU
	EndGlobalSection
	GlobalSection(SolutionProperties) = preSolution
		HideSolutionNode = FALSE
	EndGlobalSection
	GlobalSection(ExtensibilityGlobals) = postSolution
		SolutionGuid = {14FE9BA3-BF47-47EE-913F-3BC95EF3DF7C}
	EndGlobalSection
EndGlobal
